# This file is generated by running "yarn install" inside your project.
# Manual changes might be lost - proceed with caution!

__metadata:
  version: 8
  cacheKey: 10

"tree-sitter-cli@npm:^0.21.0":
  version: 0.21.0
  resolution: "tree-sitter-cli@npm:0.21.0"
  bin:
    tree-sitter: cli.js
  checksum: 10/3c2d6d812814a8f6ffffcc33cbef74b64dd1ccb943125853b211491863b3abbfbd9e92eea19c851e422a7f11ceae4ff975b7b4c2f6c7c63e7e7f32240dd92da4
  languageName: node
  linkType: hard

"tree-sitter-t32@workspace:.":
  version: 0.0.0-use.local
  resolution: "tree-sitter-t32@workspace:."
  dependencies:
    tree-sitter-cli: "npm:^0.21.0"
  languageName: unknown
  linkType: soft
