# This file is generated by running "yarn install" inside your project.
# Manual changes might be lost - proceed with caution!

__metadata:
  version: 8
  cacheKey: 10

"base64-js@npm:^1.3.1":
  version: 1.5.1
  resolution: "base64-js@npm:1.5.1"
  checksum: 10/669632eb3745404c2f822a18fc3a0122d2f9a7a13f7fb8b5823ee19d1d2ff9ee5b52c53367176ea4ad093c332fd5ab4bd0ebae5a8e27917a4105a4cfc86b1005
  languageName: node
  linkType: hard

"bl@npm:^4.0.3":
  version: 4.1.0
  resolution: "bl@npm:4.1.0"
  dependencies:
    buffer: "npm:^5.5.0"
    inherits: "npm:^2.0.4"
    readable-stream: "npm:^3.4.0"
  checksum: 10/b7904e66ed0bdfc813c06ea6c3e35eafecb104369dbf5356d0f416af90c1546de3b74e5b63506f0629acf5e16a6f87c3798f16233dcff086e9129383aa02ab55
  languageName: node
  linkType: hard

"buffer@npm:^5.5.0":
  version: 5.7.1
  resolution: "buffer@npm:5.7.1"
  dependencies:
    base64-js: "npm:^1.3.1"
    ieee754: "npm:^1.1.13"
  checksum: 10/997434d3c6e3b39e0be479a80288875f71cd1c07d75a3855e6f08ef848a3c966023f79534e22e415ff3a5112708ce06127277ab20e527146d55c84566405c7c6
  languageName: node
  linkType: hard

"chownr@npm:^1.1.1":
  version: 1.1.4
  resolution: "chownr@npm:1.1.4"
  checksum: 10/115648f8eb38bac5e41c3857f3e663f9c39ed6480d1349977c4d96c95a47266fcacc5a5aabf3cb6c481e22d72f41992827db47301851766c4fd77ac21a4f081d
  languageName: node
  linkType: hard

"end-of-stream@npm:^1.1.0, end-of-stream@npm:^1.4.1":
  version: 1.4.4
  resolution: "end-of-stream@npm:1.4.4"
  dependencies:
    once: "npm:^1.4.0"
  checksum: 10/530a5a5a1e517e962854a31693dbb5c0b2fc40b46dad2a56a2deec656ca040631124f4795823acc68238147805f8b021abbe221f4afed5ef3c8e8efc2024908b
  languageName: node
  linkType: hard

"execspawn@npm:^1.0.1":
  version: 1.0.1
  resolution: "execspawn@npm:1.0.1"
  dependencies:
    util-extend: "npm:^1.0.1"
  checksum: 10/fc2be7fb6de7b4c4cd779ca3f6cf4bf19f0fd22e7967194dcec3c379ac7d914587652c933bac774f0b6bba8f15069969921065553f1e19eb58e25ab675f68689
  languageName: node
  linkType: hard

"fs-constants@npm:^1.0.0":
  version: 1.0.0
  resolution: "fs-constants@npm:1.0.0"
  checksum: 10/18f5b718371816155849475ac36c7d0b24d39a11d91348cfcb308b4494824413e03572c403c86d3a260e049465518c4f0d5bd00f0371cdfcad6d4f30a85b350d
  languageName: node
  linkType: hard

"ieee754@npm:^1.1.13":
  version: 1.2.1
  resolution: "ieee754@npm:1.2.1"
  checksum: 10/d9f2557a59036f16c282aaeb107832dc957a93d73397d89bbad4eb1130560560eb695060145e8e6b3b498b15ab95510226649a0b8f52ae06583575419fe10fc4
  languageName: node
  linkType: hard

"inherits@npm:^2.0.3, inherits@npm:^2.0.4":
  version: 2.0.4
  resolution: "inherits@npm:2.0.4"
  checksum: 10/cd45e923bee15186c07fa4c89db0aace24824c482fb887b528304694b2aa6ff8a898da8657046a5dcf3e46cd6db6c61629551f9215f208d7c3f157cf9b290521
  languageName: node
  linkType: hard

"lru-cache@npm:^6.0.0":
  version: 6.0.0
  resolution: "lru-cache@npm:6.0.0"
  dependencies:
    yallist: "npm:^4.0.0"
  checksum: 10/fc1fe2ee205f7c8855fa0f34c1ab0bcf14b6229e35579ec1fd1079f31d6fc8ef8eb6fd17f2f4d99788d7e339f50e047555551ebd5e434dda503696e7c6591825
  languageName: node
  linkType: hard

"minimist@npm:^1.2.5":
  version: 1.2.8
  resolution: "minimist@npm:1.2.8"
  checksum: 10/908491b6cc15a6c440ba5b22780a0ba89b9810e1aea684e253e43c4e3b8d56ec1dcdd7ea96dde119c29df59c936cde16062159eae4225c691e19c70b432b6e6f
  languageName: node
  linkType: hard

"mkdirp-classic@npm:^0.5.2, mkdirp-classic@npm:^0.5.3":
  version: 0.5.3
  resolution: "mkdirp-classic@npm:0.5.3"
  checksum: 10/3f4e088208270bbcc148d53b73e9a5bd9eef05ad2cbf3b3d0ff8795278d50dd1d11a8ef1875ff5aea3fa888931f95bfcb2ad5b7c1061cfefd6284d199e6776ac
  languageName: node
  linkType: hard

"node-abi@npm:^3.3.0":
  version: 3.56.0
  resolution: "node-abi@npm:3.56.0"
  dependencies:
    semver: "npm:^7.3.5"
  checksum: 10/a63784524d47a8782b47c88b5cc2d9de6bc2d5eb987431523bd66c2e4401863bfb00b85c1f90bfe052a438f90a78c684e736793134dc347207a102485397db0a
  languageName: node
  linkType: hard

"node-gyp-build@npm:^4.8.0":
  version: 4.8.0
  resolution: "node-gyp-build@npm:4.8.0"
  bin:
    node-gyp-build: bin.js
    node-gyp-build-optional: optional.js
    node-gyp-build-test: build-test.js
  checksum: 10/80f410ab412df38e84171d3634a5716b6c6f14ecfa4eb971424d289381fb76f8bcbe1b666419ceb2c81060e558fd7c6d70cc0f60832bcca6a1559098925d9657
  languageName: node
  linkType: hard

"npm-run-path@npm:^3.1.0":
  version: 3.1.0
  resolution: "npm-run-path@npm:3.1.0"
  dependencies:
    path-key: "npm:^3.0.0"
  checksum: 10/141e0b8f0e3b137347a2896572c9a84701754dda0670d3ceb8c56a87702ee03c26227e4517ab93f2904acfc836547315e740b8289bb24ca0cd8ba2b198043b0f
  languageName: node
  linkType: hard

"once@npm:^1.3.1, once@npm:^1.4.0":
  version: 1.4.0
  resolution: "once@npm:1.4.0"
  dependencies:
    wrappy: "npm:1"
  checksum: 10/cd0a88501333edd640d95f0d2700fbde6bff20b3d4d9bdc521bdd31af0656b5706570d6c6afe532045a20bb8dc0849f8332d6f2a416e0ba6d3d3b98806c7db68
  languageName: node
  linkType: hard

"path-key@npm:^3.0.0":
  version: 3.1.1
  resolution: "path-key@npm:3.1.1"
  checksum: 10/55cd7a9dd4b343412a8386a743f9c746ef196e57c823d90ca3ab917f90ab9f13dd0ded27252ba49dbdfcab2b091d998bc446f6220cd3cea65db407502a740020
  languageName: node
  linkType: hard

"prebuildify@npm:^6.0.0":
  version: 6.0.0
  resolution: "prebuildify@npm:6.0.0"
  dependencies:
    execspawn: "npm:^1.0.1"
    minimist: "npm:^1.2.5"
    mkdirp-classic: "npm:^0.5.3"
    node-abi: "npm:^3.3.0"
    npm-run-path: "npm:^3.1.0"
    pump: "npm:^3.0.0"
    tar-fs: "npm:^2.1.0"
  bin:
    prebuildify: bin.js
  checksum: 10/b12c0758d8ca4d0ff24b3e6bbc37db59c7093e1e4900fe58969d604d9d9b8ce090239fc1c18c6ce85d7a99d2e5757b3ef1d2be71efcf832ea947040e55ba7f54
  languageName: node
  linkType: hard

"pump@npm:^3.0.0":
  version: 3.0.0
  resolution: "pump@npm:3.0.0"
  dependencies:
    end-of-stream: "npm:^1.1.0"
    once: "npm:^1.3.1"
  checksum: 10/e42e9229fba14732593a718b04cb5e1cfef8254544870997e0ecd9732b189a48e1256e4e5478148ecb47c8511dca2b09eae56b4d0aad8009e6fac8072923cfc9
  languageName: node
  linkType: hard

"readable-stream@npm:^3.1.1, readable-stream@npm:^3.4.0":
  version: 3.6.2
  resolution: "readable-stream@npm:3.6.2"
  dependencies:
    inherits: "npm:^2.0.3"
    string_decoder: "npm:^1.1.1"
    util-deprecate: "npm:^1.0.1"
  checksum: 10/d9e3e53193adcdb79d8f10f2a1f6989bd4389f5936c6f8b870e77570853561c362bee69feca2bbb7b32368ce96a85504aa4cedf7cf80f36e6a9de30d64244048
  languageName: node
  linkType: hard

"safe-buffer@npm:~5.2.0":
  version: 5.2.1
  resolution: "safe-buffer@npm:5.2.1"
  checksum: 10/32872cd0ff68a3ddade7a7617b8f4c2ae8764d8b7d884c651b74457967a9e0e886267d3ecc781220629c44a865167b61c375d2da6c720c840ecd73f45d5d9451
  languageName: node
  linkType: hard

"semver@npm:^7.3.5":
  version: 7.6.0
  resolution: "semver@npm:7.6.0"
  dependencies:
    lru-cache: "npm:^6.0.0"
  bin:
    semver: bin/semver.js
  checksum: 10/1b41018df2d8aca5a1db4729985e8e20428c650daea60fcd16e926e9383217d00f574fab92d79612771884a98d2ee2a1973f49d630829a8d54d6570defe62535
  languageName: node
  linkType: hard

"string_decoder@npm:^1.1.1":
  version: 1.3.0
  resolution: "string_decoder@npm:1.3.0"
  dependencies:
    safe-buffer: "npm:~5.2.0"
  checksum: 10/54d23f4a6acae0e93f999a585e673be9e561b65cd4cca37714af1e893ab8cd8dfa52a9e4f58f48f87b4a44918d3a9254326cb80ed194bf2e4c226e2b21767e56
  languageName: node
  linkType: hard

"tar-fs@npm:^2.1.0":
  version: 2.1.1
  resolution: "tar-fs@npm:2.1.1"
  dependencies:
    chownr: "npm:^1.1.1"
    mkdirp-classic: "npm:^0.5.2"
    pump: "npm:^3.0.0"
    tar-stream: "npm:^2.1.4"
  checksum: 10/526deae025453e825f87650808969662fbb12eb0461d033e9b447de60ec951c6c4607d0afe7ce057defe9d4e45cf80399dd74bc15f9d9e0773d5e990a78ce4ac
  languageName: node
  linkType: hard

"tar-stream@npm:^2.1.4":
  version: 2.2.0
  resolution: "tar-stream@npm:2.2.0"
  dependencies:
    bl: "npm:^4.0.3"
    end-of-stream: "npm:^1.4.1"
    fs-constants: "npm:^1.0.0"
    inherits: "npm:^2.0.3"
    readable-stream: "npm:^3.1.1"
  checksum: 10/1a52a51d240c118cbcd30f7368ea5e5baef1eac3e6b793fb1a41e6cd7319296c79c0264ccc5859f5294aa80f8f00b9239d519e627b9aade80038de6f966fec6a
  languageName: node
  linkType: hard

"tree-sitter-cli@npm:^0.22.2":
  version: 0.22.2
  resolution: "tree-sitter-cli@npm:0.22.2"
  bin:
    tree-sitter: cli.js
  checksum: 10/1bbba2154a1707b5c4ae9793549f4c276fb50bf6d8fca59007079aa848677f244700a7884852f2313be82ea719b92382fcdd013323514196a24ccde84f207402
  languageName: node
  linkType: hard

"tree-sitter-t32@workspace:.":
  version: 0.0.0-use.local
  resolution: "tree-sitter-t32@workspace:."
  dependencies:
    node-gyp-build: "npm:^4.8.0"
    prebuildify: "npm:^6.0.0"
    tree-sitter-cli: "npm:^0.22.2"
  peerDependencies:
    node-gyp: "*"
    tree-sitter: ^0.21.0
  peerDependenciesMeta:
    tree_sitter:
      optional: true
  languageName: unknown
  linkType: soft

"util-deprecate@npm:^1.0.1":
  version: 1.0.2
  resolution: "util-deprecate@npm:1.0.2"
  checksum: 10/474acf1146cb2701fe3b074892217553dfcf9a031280919ba1b8d651a068c9b15d863b7303cb15bd00a862b498e6cf4ad7b4a08fb134edd5a6f7641681cb54a2
  languageName: node
  linkType: hard

"util-extend@npm:^1.0.1":
  version: 1.0.3
  resolution: "util-extend@npm:1.0.3"
  checksum: 10/da57f399b331f40fe2cea5409b1f4939231433db9b52dac5593e4390a98b7b0d1318a0daefbcc48123fffe5026ef49f418b3e4df7a4cd7649a2583e559c608a5
  languageName: node
  linkType: hard

"wrappy@npm:1":
  version: 1.0.2
  resolution: "wrappy@npm:1.0.2"
  checksum: 10/159da4805f7e84a3d003d8841557196034155008f817172d4e986bd591f74aa82aa7db55929a54222309e01079a65a92a9e6414da5a6aa4b01ee44a511ac3ee5
  languageName: node
  linkType: hard

"yallist@npm:^4.0.0":
  version: 4.0.0
  resolution: "yallist@npm:4.0.0"
  checksum: 10/4cb02b42b8a93b5cf50caf5d8e9beb409400a8a4d85e83bb0685c1457e9ac0b7a00819e9f5991ac25ffabb56a78e2f017c1acc010b3a1babfe6de690ba531abd
  languageName: node
  linkType: hard
